
Microsoft Visual Studio Solution File, Format Version 12.00
# Visual Studio Version 17
VisualStudioVersion = 17.4.33122.133
MinimumVisualStudioVersion = 10.0.40219.1
Project("{FAE04EC0-301F-11D3-BF4B-00C04F79EFBC}") = "CoreForIdentity", "CoreForIdentity\CoreForIdentity.csproj", "{45F29449-4ADD-4D37-9AF1-367A6FF757D8}"
EndProject
Global
	GlobalSection(SolutionConfigurationPlatforms) = preSolution
		Debug|Any CPU = Debug|Any CPU
		Release|Any CPU = Release|Any CPU
	EndGlobalSection
	GlobalSection(ProjectConfigurationPlatforms) = postSolution
		{45F29449-4ADD-4D37-9AF1-367A6FF757D8}.Debug|Any CPU.ActiveCfg = Debug|Any CPU
		{45F29449-4ADD-4D37-9AF1-367A6FF757D8}.Debug|Any CPU.Build.0 = Debug|Any CPU
		{45F29449-4ADD-4D37-9AF1-367A6FF757D8}.Release|Any CPU.ActiveCfg = Release|Any CPU
		{45F29449-4ADD-4D37-9AF1-367A6FF757D8}.Release|Any CPU.Build.0 = Release|Any CPU
	EndGlobalSection
	GlobalSection(SolutionProperties) = preSolution
		HideSolutionNode = FALSE
	EndGlobalSection
	GlobalSection(ExtensibilityGlobals) = postSolution
		SolutionGuid = {2EBB7050-68BD-480C-A892-5899EEFDEC82}
	EndGlobalSection
EndGlobal
